{
  "version": 4,
  "terraform_version": "1.3.7",
  "serial": 132,
  "lineage": "76da654f-5689-25b4-01d0-ee6d7e05d150",
  "outputs": {
    "private_subnet": {
      "value": [
        "subnet-03ec1b2ada2983e98",
        "subnet-0b14a6480de522a0d"
      ],
      "type": [
        "tuple",
        [
          "string",
          "string"
        ]
      ]
    },
    "public_subnet": {
      "value": [
        "subnet-0478f80934f9a6e59"
      ],
      "type": [
        "tuple",
        [
          "string"
        ]
      ]
    }
  },
  "resources": [
    {
      "module": "module.vpc_www",
      "mode": "data",
      "type": "aws_availability_zones",
      "name": "availability_task",
      "provider": "provider[\"registry.terraform.io/hashicorp/aws\"]",
      "instances": [
        {
          "schema_version": 0,
          "attributes": {
            "all_availability_zones": null,
            "exclude_names": null,
            "exclude_zone_ids": null,
            "filter": null,
            "group_names": [
              "us-east-1"
            ],
            "id": "us-east-1",
            "names": [
              "us-east-1a",
              "us-east-1b",
              "us-east-1c",
              "us-east-1d",
              "us-east-1e",
              "us-east-1f"
            ],
            "state": null,
            "timeouts": null,
            "zone_ids": [
              "use1-az2",
              "use1-az4",
              "use1-az6",
              "use1-az1",
              "use1-az3",
              "use1-az5"
            ]
          },
          "sensitive_attributes": []
        }
      ]
    },
    {
      "module": "module.vpc_www",
      "mode": "managed",
      "type": "aws_internet_gateway",
      "name": "igw_task",
      "provider": "provider[\"registry.terraform.io/hashicorp/aws\"]",
      "instances": [
        {
          "schema_version": 0,
          "attributes": {
            "arn": "arn:aws:ec2:us-east-1:150278519573:internet-gateway/igw-07fe8170e61ab4c35",
            "id": "igw-07fe8170e61ab4c35",
            "owner_id": "150278519573",
            "tags": {
              "Name": "www-igw_task"
            },
            "tags_all": {
              "Name": "www-igw_task"
            },
            "timeouts": null,
            "vpc_id": "vpc-0022a92bf61cfc6b4"
          },
          "sensitive_attributes": [],
          "private": "eyJlMmJmYjczMC1lY2FhLTExZTYtOGY4OC0zNDM2M2JjN2M0YzAiOnsiY3JlYXRlIjoxMjAwMDAwMDAwMDAwLCJkZWxldGUiOjEyMDAwMDAwMDAwMDAsInVwZGF0ZSI6MTIwMDAwMDAwMDAwMH19",
          "dependencies": [
            "module.vpc_www.aws_vpc.vpc_task"
          ]
        }
      ]
    },
    {
      "module": "module.vpc_www",
      "mode": "managed",
      "type": "aws_vpc",
      "name": "vpc_task",
      "provider": "provider[\"registry.terraform.io/hashicorp/aws\"]",
      "instances": [
        {
          "schema_version": 1,
          "attributes": {
            "arn": "arn:aws:ec2:us-east-1:150278519573:vpc/vpc-0022a92bf61cfc6b4",
            "assign_generated_ipv6_cidr_block": false,
            "cidr_block": "10.0.0.0/16",
            "default_network_acl_id": "acl-0434f4338266c629d",
            "default_route_table_id": "rtb-0e2868a9cf218a7c5",
            "default_security_group_id": "sg-06cb543652e995d17",
            "dhcp_options_id": "dopt-0b43cc2f92cd3c366",
            "enable_classiclink": false,
            "enable_classiclink_dns_support": false,
            "enable_dns_hostnames": false,
            "enable_dns_support": true,
            "enable_network_address_usage_metrics": false,
            "id": "vpc-0022a92bf61cfc6b4",
            "instance_tenancy": "default",
            "ipv4_ipam_pool_id": null,
            "ipv4_netmask_length": null,
            "ipv6_association_id": "",
            "ipv6_cidr_block": "",
            "ipv6_cidr_block_network_border_group": "",
            "ipv6_ipam_pool_id": "",
            "ipv6_netmask_length": 0,
            "main_route_table_id": "rtb-0e2868a9cf218a7c5",
            "owner_id": "150278519573",
            "tags": {
              "Name": "www-vpc_task"
            },
            "tags_all": {
              "Name": "www-vpc_task"
            }
          },
          "sensitive_attributes": [],
          "private": "eyJzY2hlbWFfdmVyc2lvbiI6IjEifQ=="
        }
      ]
    }
  ],
  "check_results": null
}
